
Microsoft Visual Studio Solution File, Format Version 12.00
# Visual Studio Version 16
VisualStudioVersion = 16.0.35931.194
MinimumVisualStudioVersion = 10.0.40219.1
Project("{FAE04EC0-301F-11D3-BF4B-00C04F79EFBC}") = "SpotTheDifferenceGame", "SpotTheDifferenceGame\SpotTheDifferenceGame.csproj", "{A8D53C84-D7BF-4C7D-9C07-7C9D5F0D330D}"
EndProject
Global
	GlobalSection(SolutionConfigurationPlatforms) = preSolution
		Debug|Any CPU = Debug|Any CPU
		Release|Any CPU = Release|Any CPU
	EndGlobalSection
	GlobalSection(ProjectConfigurationPlatforms) = postSolution
		{A8D53C84-D7BF-4C7D-9C07-7C9D5F0D330D}.Debug|Any CPU.ActiveCfg = Debug|Any CPU
		{A8D53C84-D7BF-4C7D-9C07-7C9D5F0D330D}.Debug|Any CPU.Build.0 = Debug|Any CPU
		{A8D53C84-D7BF-4C7D-9C07-7C9D5F0D330D}.Release|Any CPU.ActiveCfg = Release|Any CPU
		{A8D53C84-D7BF-4C7D-9C07-7C9D5F0D330D}.Release|Any CPU.Build.0 = Release|Any CPU
	EndGlobalSection
	GlobalSection(SolutionProperties) = preSolution
		HideSolutionNode = FALSE
	EndGlobalSection
	GlobalSection(ExtensibilityGlobals) = postSolution
		SolutionGuid = {784B14F9-503D-4609-889B-C3A237F88B79}
	EndGlobalSection
EndGlobal
